<?xml version="1.0" encoding="utf-8"?>
<Project ToolsVersion="4.0" xmlns="http://schemas.microsoft.com/developer/msbuild/2003">
  <ItemGroup>
    <Filter Include="Source Files">
      <UniqueIdentifier>{4FC737F1-C7A5-4376-A066-2A32D752A2FF}</UniqueIdentifier>
      <Extensions>cpp;c;cc;cxx;c++;cppm;ixx;def;odl;idl;hpj;bat;asm;asmx</Extensions>
    </Filter>
    <Filter Include="Header Files">
      <UniqueIdentifier>{93995380-89BD-4b04-88EB-625FBE52EBFB}</UniqueIdentifier>
      <Extensions>h;hh;hpp;hxx;h++;hm;inl;inc;ipp;xsd</Extensions>
    </Filter>
    <Filter Include="Resource Files">
      <UniqueIdentifier>{67DA6AB6-F800-4c08-8B7A-83BB121AAD01}</UniqueIdentifier>
      <Extensions>rc;ico;cur;bmp;dlg;rc2;rct;bin;rgs;gif;jpg;jpeg;jpe;resx;tiff;tif;png;wav;mfcribbon-ms</Extensions>
    </Filter>
    <Filter Include="Header Files\gui">
      <UniqueIdentifier>{30b939cd-8e9c-4da2-be18-a8d14f283b7e}</UniqueIdentifier>
    </Filter>
    <Filter Include="Source Files\gui">
      <UniqueIdentifier>{f9bf49bb-c433-45d4-a6dc-6082583bf831}</UniqueIdentifier>
    </Filter>
  </ItemGroup>
  <ItemGroup>
    <ClCompile Include="main.cpp">
      <Filter>Source Files</Filter>
    </ClCompile>
    <ClCompile Include="core\Object.cpp">
      <Filter>Source Files</Filter>
    </ClCompile>
    <ClCompile Include="core\mechanics\Orbit.cpp">
      <Filter>Source Files</Filter>
    </ClCompile>
    <ClCompile Include="IndexBuffer.cpp">
      <Filter>Source Files\gui</Filter>
    </ClCompile>
    <ClCompile Include="VertexBuffer.cpp">
      <Filter>Source Files\gui</Filter>
    </ClCompile>
    <ClCompile Include="VertexArray.cpp">
      <Filter>Source Files\gui</Filter>
    </ClCompile>
    <ClCompile Include="BufferLayout.cpp">
      <Filter>Source Files\gui</Filter>
    </ClCompile>
    <ClCompile Include="Renderer.cpp">
      <Filter>Source Files\gui</Filter>
    </ClCompile>
    <ClCompile Include="Shader.cpp">
      <Filter>Source Files\gui</Filter>
    </ClCompile>
    <ClCompile Include="stb_image.cpp">
      <Filter>Source Files\gui</Filter>
    </ClCompile>
    <ClCompile Include="Texture.cpp">
      <Filter>Source Files\gui</Filter>
    </ClCompile>
    <ClCompile Include="SphereRender.cpp">
      <Filter>Source Files</Filter>
    </ClCompile>
    <ClCompile Include="core\mechanics\Kinetics.cpp">
      <Filter>Source Files</Filter>
    </ClCompile>
    <ClCompile Include="core\celestial\CelestialBody.cpp">
      <Filter>Source Files</Filter>
    </ClCompile>
    <ClCompile Include="core\celestial\Star.cpp">
      <Filter>Source Files</Filter>
    </ClCompile>
    <ClCompile Include="core\celestial\Planet.cpp">
      <Filter>Source Files</Filter>
    </ClCompile>
  </ItemGroup>
  <ItemGroup>
    <ClInclude Include="core\Object.h">
      <Filter>Header Files</Filter>
    </ClInclude>
    <ClInclude Include="core\mechanics\Orbit.h">
      <Filter>Header Files</Filter>
    </ClInclude>
    <ClInclude Include="core\celestial\Planet.h">
      <Filter>Header Files</Filter>
    </ClInclude>
    <ClInclude Include="utils_math.h">
      <Filter>Header Files</Filter>
    </ClInclude>
    <ClInclude Include="IndexBuffer.h">
      <Filter>Header Files\gui</Filter>
    </ClInclude>
    <ClInclude Include="VertexBuffer.h">
      <Filter>Header Files\gui</Filter>
    </ClInclude>
    <ClInclude Include="VertexArray.h">
      <Filter>Header Files\gui</Filter>
    </ClInclude>
    <ClInclude Include="BufferLayout.h">
      <Filter>Header Files\gui</Filter>
    </ClInclude>
    <ClInclude Include="Shader.h">
      <Filter>Header Files\gui</Filter>
    </ClInclude>
    <ClInclude Include="Renderer.h">
      <Filter>Header Files\gui</Filter>
    </ClInclude>
    <ClInclude Include="stb_image.h">
      <Filter>Header Files\gui</Filter>
    </ClInclude>
    <ClInclude Include="Texture.h">
      <Filter>Header Files\gui</Filter>
    </ClInclude>
    <ClInclude Include="SphereRender.h">
      <Filter>Header Files</Filter>
    </ClInclude>
    <ClInclude Include="utils_debug.h">
      <Filter>Header Files</Filter>
    </ClInclude>
    <ClInclude Include="gui.hpp">
      <Filter>Header Files</Filter>
    </ClInclude>
    <ClInclude Include="core\mechanics\Kinetics.h">
      <Filter>Header Files</Filter>
    </ClInclude>
    <ClInclude Include="core\celestial\CelestialBody.h">
      <Filter>Header Files</Filter>
    </ClInclude>
    <ClInclude Include="core\celestial\Star.h">
      <Filter>Header Files</Filter>
    </ClInclude>
    <ClInclude Include="core\constants.h">
      <Filter>Header Files</Filter>
    </ClInclude>
    <ClInclude Include="core\utils\utils_parse.h">
      <Filter>Header Files</Filter>
    </ClInclude>
  </ItemGroup>
  <ItemGroup>
    <Image Include="image.jpg">
      <Filter>Resource Files</Filter>
    </Image>
    <Image Include="google.png">
      <Filter>Resource Files</Filter>
    </Image>
    <Image Include="earth2048.bmp">
      <Filter>Resource Files</Filter>
    </Image>
  </ItemGroup>
  <ItemGroup>
    <None Include="gui\shaders\fragment.shader" />
    <None Include="gui\shaders\vertex.shader" />
  </ItemGroup>
  <ItemGroup>
    <Text Include="core\utils\Stars.dat" />
  </ItemGroup>
</Project>